
Microsoft Visual Studio Solution File, Format Version 12.00
# Visual Studio 15
VisualStudioVersion = 15.0.28307.421
MinimumVisualStudioVersion = 10.0.40219.1
Project("{FAE04EC0-301F-11D3-BF4B-00C04F79EFBC}") = "CitiesProject", "CitiesProject\CitiesProject.csproj", "{5899BA64-2089-4DB9-9A43-6A9EE3082820}"
EndProject
Global
	GlobalSection(SolutionConfigurationPlatforms) = preSolution
		Debug|Any CPU = Debug|Any CPU
		Release|Any CPU = Release|Any CPU
	EndGlobalSection
	GlobalSection(ProjectConfigurationPlatforms) = postSolution
		{5899BA64-2089-4DB9-9A43-6A9EE3082820}.Debug|Any CPU.ActiveCfg = Debug|Any CPU
		{5899BA64-2089-4DB9-9A43-6A9EE3082820}.Debug|Any CPU.Build.0 = Debug|Any CPU
		{5899BA64-2089-4DB9-9A43-6A9EE3082820}.Release|Any CPU.ActiveCfg = Release|Any CPU
		{5899BA64-2089-4DB9-9A43-6A9EE3082820}.Release|Any CPU.Build.0 = Release|Any CPU
	EndGlobalSection
	GlobalSection(SolutionProperties) = preSolution
		HideSolutionNode = FALSE
	EndGlobalSection
	GlobalSection(ExtensibilityGlobals) = postSolution
		SolutionGuid = {CB95D7CF-C625-4530-8D78-BCA9FC53E951}
	EndGlobalSection
EndGlobal
